{
  "version": 4,
  "terraform_version": "1.0.11",
  "serial": 20,
  "lineage": "ddccae12-7972-1bea-632a-c654d8357154",
  "outputs": {
    "instance_ip": {
      "value": "34.88.83.80",
      "type": "string"
    }
  },
  "resources": [
    {
      "mode": "managed",
      "type": "google_compute_instance",
      "name": "vm_instance",
      "provider": "provider[\"registry.terraform.io/hashicorp/google\"]",
      "instances": [
        {
          "schema_version": 6,
          "attributes": {
            "allow_stopping_for_update": null,
            "attached_disk": [],
            "boot_disk": [
              {
                "auto_delete": true,
                "device_name": "persistent-disk-0",
                "disk_encryption_key_raw": "",
                "disk_encryption_key_sha256": "",
                "initialize_params": [
                  {
                    "image": "https://www.googleapis.com/compute/v1/projects/ubuntu-os-cloud/global/images/ubuntu-2004-focal-v20211202",
                    "labels": {},
                    "size": 10,
                    "type": "pd-standard"
                  }
                ],
                "kms_key_self_link": "",
                "mode": "READ_WRITE",
                "source": "https://www.googleapis.com/compute/v1/projects/industrious-eye-334218/zones/europe-north1-a/disks/terraform-instance"
              }
            ],
            "can_ip_forward": false,
            "cpu_platform": "Intel Broadwell",
            "deletion_protection": false,
            "description": "",
            "enable_display": false,
            "guest_accelerator": [],
            "hostname": "",
            "id": "projects/industrious-eye-334218/zones/europe-north1-a/instances/terraform-instance",
            "instance_id": "561012449633930421",
            "label_fingerprint": "42WmSpB8rSM=",
            "labels": null,
            "machine_type": "e2-micro",
            "metadata": {
              "ssh-keys": "xxch:ssh-rsa AAAAB3NzaC1yc2EAAAADAQABAAABgQC2VvGbGqY1f1ehZoaksQYLON83LQGEr3FAF140+u0gp9HNWcHsYuM6ykgWE9y51MMqmIlV4n58Uf1bpHL+HH4N7li09iJ3kQcZxriApaCPFxkSxF7jLphHzSrJ0R2GtiGVFtb52kDmnhhX+8gv9c27gr6ht881yFlPOj0jgs10zHiZxT/xSKYp35MPCDr2rrdIzHdo0EDWnrFchzuE7FHECiDitYHxXP6POS+afh4oaE3VmYBky0GHNaHolM7ieZGGhA3MNxfnvTGdVuilD1Jl+DjhpsdANCZJ9Fqg6SVX/8agIl0c4YGLTCZoPGs+BqyalR79CVhbBRRBqH6369eRRAJSnKfHhjTnxj3kcKLYZzJCW04FWK6+S952VfWgkxaPhWdhmz+v0hWuxVm0oIlQSqBqgpLTHN4cSelvssA9i5LRMP8gmulNvaJUqdKvUicKDlryJOprF8l6ZlheO8m3Pqpatc8TkxJfmsoy3cy3xzXJG5yXsbwOcMwiMev5HoM= xxch@ubuntu\n"
            },
            "metadata_fingerprint": "FP95WDStKN8=",
            "metadata_startup_script": "#!/bin/bash\n\n#Startup script for terraform\n#Usage: downloads apache server\n\nsudo apt-get update\nsudo apt-get install apache2 -y\nwait 60\nsudo systemctl start apache2\nwait 60\nsudo systemctl status apache2",
            "min_cpu_platform": "",
            "name": "terraform-instance",
            "network_interface": [
              {
                "access_config": [
                  {
                    "nat_ip": "34.88.83.80",
                    "network_tier": "PREMIUM",
                    "public_ptr_domain_name": ""
                  }
                ],
                "alias_ip_range": [],
                "name": "nic0",
                "network": "https://www.googleapis.com/compute/v1/projects/industrious-eye-334218/global/networks/default",
                "network_ip": "10.166.0.6",
                "subnetwork": "https://www.googleapis.com/compute/v1/projects/industrious-eye-334218/regions/europe-north1/subnetworks/default",
                "subnetwork_project": "industrious-eye-334218"
              }
            ],
            "project": "industrious-eye-334218",
            "scheduling": [
              {
                "automatic_restart": true,
                "node_affinities": [],
                "on_host_maintenance": "MIGRATE",
                "preemptible": false
              }
            ],
            "scratch_disk": [],
            "self_link": "https://www.googleapis.com/compute/v1/projects/industrious-eye-334218/zones/europe-north1-a/instances/terraform-instance",
            "service_account": [],
            "shielded_instance_config": [
              {
                "enable_integrity_monitoring": true,
                "enable_secure_boot": false,
                "enable_vtpm": true
              }
            ],
            "tags": [
              "http-server"
            ],
            "tags_fingerprint": "FYLDgkTKlA4=",
            "timeouts": null,
            "zone": "europe-north1-a"
          },
          "sensitive_attributes": [],
          "private": "eyJlMmJmYjczMC1lY2FhLTExZTYtOGY4OC0zNDM2M2JjN2M0YzAiOnsiY3JlYXRlIjoxMjAwMDAwMDAwMDAwLCJkZWxldGUiOjEyMDAwMDAwMDAwMDAsInVwZGF0ZSI6MTIwMDAwMDAwMDAwMH0sInNjaGVtYV92ZXJzaW9uIjoiNiJ9"
        }
      ]
    }
  ]
}
